
Microsoft Visual Studio Solution File, Format Version 11.00
# Visual Studio 2010
Project("{2150E333-8FDC-42A3-9474-1A3956D46DE8}") = "MvcAjax", "MvcAjax", "{043FC8EA-D567-462D-8BB7-40A3494CDB15}"
EndProject
Project("{FAE04EC0-301F-11D3-BF4B-00C04F79EFBC}") = "MvcHaack.Ajax.DemoWeb", "MvcHaack.Ajax.DemoWeb\MvcHaack.Ajax.DemoWeb.csproj", "{1E7C6E9C-11B5-4F86-A16C-E7E30209A1EC}"
EndProject
Project("{FAE04EC0-301F-11D3-BF4B-00C04F79EFBC}") = "MvcHaack.ControllerInspector", "MvcHaack.ControllerInspector\MvcHaack.ControllerInspector.csproj", "{13B06433-ACDC-4462-9288-707FF35019E9}"
EndProject
Project("{2150E333-8FDC-42A3-9474-1A3956D46DE8}") = "ControllerInspector", "ControllerInspector", "{ECB8DB57-6E41-476B-8A8A-5AB13B1C621A}"
EndProject
Project("{FAE04EC0-301F-11D3-BF4B-00C04F79EFBC}") = "MvcHaack.ControllerInspector.DemoWeb", "MvcHaack.ControllerInspector.DemoWeb\MvcHaack.ControllerInspector.DemoWeb.csproj", "{0EF39508-5FF4-4969-B888-265019FCA1A3}"
EndProject
Project("{FAE04EC0-301F-11D3-BF4B-00C04F79EFBC}") = "MvcHaack.ViewMobilizer", "MvcHaack.ViewMobilizer\MvcHaack.ViewMobilizer.csproj", "{E157EB2F-762F-4EFF-8E05-6ABF421BF136}"
EndProject
Project("{FAE04EC0-301F-11D3-BF4B-00C04F79EFBC}") = "ViewMobilizerTests", "ViewMobilizerTests\ViewMobilizerTests.csproj", "{148F2E13-3F1E-467D-84A2-F2020C19BD02}"
EndProject
Project("{2150E333-8FDC-42A3-9474-1A3956D46DE8}") = "Recipes", "Recipes", "{4677899C-5C68-4A68-BA1C-4B94ABA4317B}"
EndProject
Project("{FAE04EC0-301F-11D3-BF4B-00C04F79EFBC}") = "AspNetHaack", "AspNetHaack\AspNetHaack.csproj", "{91A987E2-4902-4F9E-9F82-DC663CD0C4B5}"
EndProject
Project("{2150E333-8FDC-42A3-9474-1A3956D46DE8}") = "AspNetCore", "AspNetCore", "{FB396C0E-DA16-4F9B-85D7-50739C442EEE}"
EndProject
Project("{FAE04EC0-301F-11D3-BF4B-00C04F79EFBC}") = "AspNetHaack.DemoWeb", "AspNetHaack.DemoWeb\AspNetHaack.DemoWeb.csproj", "{DFB69BD2-B146-46FC-A4B2-82EBDF35B229}"
EndProject
Project("{FAE04EC0-301F-11D3-BF4B-00C04F79EFBC}") = "MvcHaack.Ajax", "MvcHaack.Ajax\MvcHaack.Ajax.csproj", "{C90F24D5-1CE7-4F5D-A2AD-8F1892D2057F}"
EndProject
Project("{FAE04EC0-301F-11D3-BF4B-00C04F79EFBC}") = "WebApiHaack", "WebApiHaack\WebApiHaack.csproj", "{BF86347D-DF92-42A3-8988-A47854BAD9EA}"
EndProject
Project("{FAE04EC0-301F-11D3-BF4B-00C04F79EFBC}") = "WebApiHaack.DemoWeb", "WebApiHaack.DemoWeb\WebApiHaack.DemoWeb.csproj", "{AA54304A-8940-43C4-AF3E-6E3696CF355F}"
EndProject
Project("{2150E333-8FDC-42A3-9474-1A3956D46DE8}") = "WebApi", "WebApi", "{F45888CF-254A-423C-9F4A-4E19EB73D548}"
EndProject
Project("{2150E333-8FDC-42A3-9474-1A3956D46DE8}") = ".nuget", ".nuget", "{209E3877-382D-401F-A0B0-038541A2F859}"
	ProjectSection(SolutionItems) = preProject
		.nuget\NuGet.exe = .nuget\NuGet.exe
		.nuget\NuGet.targets = .nuget\NuGet.targets
	EndProjectSection
EndProject
Project("{2150E333-8FDC-42A3-9474-1A3956D46DE8}") = "Security", "Security", "{764297B1-F273-4BAC-A64E-DFAAE8D149E4}"
EndProject
Project("{FAE04EC0-301F-11D3-BF4B-00C04F79EFBC}") = "JsonHijackDemo", "JsonHijackDemo\JsonHijackDemo.csproj", "{84E1B853-1266-4D22-B7A3-E3F7D6B9165F}"
EndProject
Project("{2150E333-8FDC-42A3-9474-1A3956D46DE8}") = "Rx", "Rx", "{04697682-8BE7-4DD6-8AED-459682EE6128}"
EndProject
Project("{FAE04EC0-301F-11D3-BF4B-00C04F79EFBC}") = "WindowPlacementRxDemo", "WindowPlacementRxDemo\WindowPlacementRxDemo.csproj", "{7DEBE017-3A6B-45AA-B6B7-6F4BDCA91178}"
EndProject
Project("{FAE04EC0-301F-11D3-BF4B-00C04F79EFBC}") = "ControllerInspectorTests", "ControllerInspectorTests\ControllerInspectorTests.csproj", "{B17C881A-F95D-499A-9D0B-592864F28F85}"
EndProject
Global
	GlobalSection(SolutionConfigurationPlatforms) = preSolution
		Debug|Any CPU = Debug|Any CPU
		Debug|Mixed Platforms = Debug|Mixed Platforms
		Debug|x86 = Debug|x86
		Release|Any CPU = Release|Any CPU
		Release|Mixed Platforms = Release|Mixed Platforms
		Release|x86 = Release|x86
	EndGlobalSection
	GlobalSection(ProjectConfigurationPlatforms) = postSolution
		{1E7C6E9C-11B5-4F86-A16C-E7E30209A1EC}.Debug|Any CPU.ActiveCfg = Debug|Any CPU
		{1E7C6E9C-11B5-4F86-A16C-E7E30209A1EC}.Debug|Any CPU.Build.0 = Debug|Any CPU
		{1E7C6E9C-11B5-4F86-A16C-E7E30209A1EC}.Debug|Mixed Platforms.ActiveCfg = Debug|Any CPU
		{1E7C6E9C-11B5-4F86-A16C-E7E30209A1EC}.Debug|Mixed Platforms.Build.0 = Debug|Any CPU
		{1E7C6E9C-11B5-4F86-A16C-E7E30209A1EC}.Debug|x86.ActiveCfg = Debug|Any CPU
		{1E7C6E9C-11B5-4F86-A16C-E7E30209A1EC}.Release|Any CPU.ActiveCfg = Release|Any CPU
		{1E7C6E9C-11B5-4F86-A16C-E7E30209A1EC}.Release|Any CPU.Build.0 = Release|Any CPU
		{1E7C6E9C-11B5-4F86-A16C-E7E30209A1EC}.Release|Mixed Platforms.ActiveCfg = Release|Any CPU
		{1E7C6E9C-11B5-4F86-A16C-E7E30209A1EC}.Release|Mixed Platforms.Build.0 = Release|Any CPU
		{1E7C6E9C-11B5-4F86-A16C-E7E30209A1EC}.Release|x86.ActiveCfg = Release|Any CPU
		{13B06433-ACDC-4462-9288-707FF35019E9}.Debug|Any CPU.ActiveCfg = Debug|Any CPU
		{13B06433-ACDC-4462-9288-707FF35019E9}.Debug|Any CPU.Build.0 = Debug|Any CPU
		{13B06433-ACDC-4462-9288-707FF35019E9}.Debug|Mixed Platforms.ActiveCfg = Debug|Any CPU
		{13B06433-ACDC-4462-9288-707FF35019E9}.Debug|Mixed Platforms.Build.0 = Debug|Any CPU
		{13B06433-ACDC-4462-9288-707FF35019E9}.Debug|x86.ActiveCfg = Debug|Any CPU
		{13B06433-ACDC-4462-9288-707FF35019E9}.Release|Any CPU.ActiveCfg = Release|Any CPU
		{13B06433-ACDC-4462-9288-707FF35019E9}.Release|Any CPU.Build.0 = Release|Any CPU
		{13B06433-ACDC-4462-9288-707FF35019E9}.Release|Mixed Platforms.ActiveCfg = Release|Any CPU
		{13B06433-ACDC-4462-9288-707FF35019E9}.Release|Mixed Platforms.Build.0 = Release|Any CPU
		{13B06433-ACDC-4462-9288-707FF35019E9}.Release|x86.ActiveCfg = Release|Any CPU
		{0EF39508-5FF4-4969-B888-265019FCA1A3}.Debug|Any CPU.ActiveCfg = Debug|Any CPU
		{0EF39508-5FF4-4969-B888-265019FCA1A3}.Debug|Any CPU.Build.0 = Debug|Any CPU
		{0EF39508-5FF4-4969-B888-265019FCA1A3}.Debug|Mixed Platforms.ActiveCfg = Debug|Any CPU
		{0EF39508-5FF4-4969-B888-265019FCA1A3}.Debug|Mixed Platforms.Build.0 = Debug|Any CPU
		{0EF39508-5FF4-4969-B888-265019FCA1A3}.Debug|x86.ActiveCfg = Debug|Any CPU
		{0EF39508-5FF4-4969-B888-265019FCA1A3}.Release|Any CPU.ActiveCfg = Release|Any CPU
		{0EF39508-5FF4-4969-B888-265019FCA1A3}.Release|Any CPU.Build.0 = Release|Any CPU
		{0EF39508-5FF4-4969-B888-265019FCA1A3}.Release|Mixed Platforms.ActiveCfg = Release|Any CPU
		{0EF39508-5FF4-4969-B888-265019FCA1A3}.Release|Mixed Platforms.Build.0 = Release|Any CPU
		{0EF39508-5FF4-4969-B888-265019FCA1A3}.Release|x86.ActiveCfg = Release|Any CPU
		{E157EB2F-762F-4EFF-8E05-6ABF421BF136}.Debug|Any CPU.ActiveCfg = Debug|Any CPU
		{E157EB2F-762F-4EFF-8E05-6ABF421BF136}.Debug|Any CPU.Build.0 = Debug|Any CPU
		{E157EB2F-762F-4EFF-8E05-6ABF421BF136}.Debug|Mixed Platforms.ActiveCfg = Debug|Any CPU
		{E157EB2F-762F-4EFF-8E05-6ABF421BF136}.Debug|Mixed Platforms.Build.0 = Debug|Any CPU
		{E157EB2F-762F-4EFF-8E05-6ABF421BF136}.Debug|x86.ActiveCfg = Debug|Any CPU
		{E157EB2F-762F-4EFF-8E05-6ABF421BF136}.Release|Any CPU.ActiveCfg = Release|Any CPU
		{E157EB2F-762F-4EFF-8E05-6ABF421BF136}.Release|Any CPU.Build.0 = Release|Any CPU
		{E157EB2F-762F-4EFF-8E05-6ABF421BF136}.Release|Mixed Platforms.ActiveCfg = Release|Any CPU
		{E157EB2F-762F-4EFF-8E05-6ABF421BF136}.Release|Mixed Platforms.Build.0 = Release|Any CPU
		{E157EB2F-762F-4EFF-8E05-6ABF421BF136}.Release|x86.ActiveCfg = Release|Any CPU
		{148F2E13-3F1E-467D-84A2-F2020C19BD02}.Debug|Any CPU.ActiveCfg = Debug|Any CPU
		{148F2E13-3F1E-467D-84A2-F2020C19BD02}.Debug|Any CPU.Build.0 = Debug|Any CPU
		{148F2E13-3F1E-467D-84A2-F2020C19BD02}.Debug|Mixed Platforms.ActiveCfg = Debug|Any CPU
		{148F2E13-3F1E-467D-84A2-F2020C19BD02}.Debug|Mixed Platforms.Build.0 = Debug|Any CPU
		{148F2E13-3F1E-467D-84A2-F2020C19BD02}.Debug|x86.ActiveCfg = Debug|Any CPU
		{148F2E13-3F1E-467D-84A2-F2020C19BD02}.Release|Any CPU.ActiveCfg = Release|Any CPU
		{148F2E13-3F1E-467D-84A2-F2020C19BD02}.Release|Any CPU.Build.0 = Release|Any CPU
		{148F2E13-3F1E-467D-84A2-F2020C19BD02}.Release|Mixed Platforms.ActiveCfg = Release|Any CPU
		{148F2E13-3F1E-467D-84A2-F2020C19BD02}.Release|Mixed Platforms.Build.0 = Release|Any CPU
		{148F2E13-3F1E-467D-84A2-F2020C19BD02}.Release|x86.ActiveCfg = Release|Any CPU
		{91A987E2-4902-4F9E-9F82-DC663CD0C4B5}.Debug|Any CPU.ActiveCfg = Debug|Any CPU
		{91A987E2-4902-4F9E-9F82-DC663CD0C4B5}.Debug|Any CPU.Build.0 = Debug|Any CPU
		{91A987E2-4902-4F9E-9F82-DC663CD0C4B5}.Debug|Mixed Platforms.ActiveCfg = Debug|Any CPU
		{91A987E2-4902-4F9E-9F82-DC663CD0C4B5}.Debug|Mixed Platforms.Build.0 = Debug|Any CPU
		{91A987E2-4902-4F9E-9F82-DC663CD0C4B5}.Debug|x86.ActiveCfg = Debug|Any CPU
		{91A987E2-4902-4F9E-9F82-DC663CD0C4B5}.Release|Any CPU.ActiveCfg = Release|Any CPU
		{91A987E2-4902-4F9E-9F82-DC663CD0C4B5}.Release|Any CPU.Build.0 = Release|Any CPU
		{91A987E2-4902-4F9E-9F82-DC663CD0C4B5}.Release|Mixed Platforms.ActiveCfg = Release|Any CPU
		{91A987E2-4902-4F9E-9F82-DC663CD0C4B5}.Release|Mixed Platforms.Build.0 = Release|Any CPU
		{91A987E2-4902-4F9E-9F82-DC663CD0C4B5}.Release|x86.ActiveCfg = Release|Any CPU
		{DFB69BD2-B146-46FC-A4B2-82EBDF35B229}.Debug|Any CPU.ActiveCfg = Debug|Any CPU
		{DFB69BD2-B146-46FC-A4B2-82EBDF35B229}.Debug|Any CPU.Build.0 = Debug|Any CPU
		{DFB69BD2-B146-46FC-A4B2-82EBDF35B229}.Debug|Mixed Platforms.ActiveCfg = Debug|Any CPU
		{DFB69BD2-B146-46FC-A4B2-82EBDF35B229}.Debug|Mixed Platforms.Build.0 = Debug|Any CPU
		{DFB69BD2-B146-46FC-A4B2-82EBDF35B229}.Debug|x86.ActiveCfg = Debug|Any CPU
		{DFB69BD2-B146-46FC-A4B2-82EBDF35B229}.Release|Any CPU.ActiveCfg = Release|Any CPU
		{DFB69BD2-B146-46FC-A4B2-82EBDF35B229}.Release|Any CPU.Build.0 = Release|Any CPU
		{DFB69BD2-B146-46FC-A4B2-82EBDF35B229}.Release|Mixed Platforms.ActiveCfg = Release|Any CPU
		{DFB69BD2-B146-46FC-A4B2-82EBDF35B229}.Release|Mixed Platforms.Build.0 = Release|Any CPU
		{DFB69BD2-B146-46FC-A4B2-82EBDF35B229}.Release|x86.ActiveCfg = Release|Any CPU
		{C90F24D5-1CE7-4F5D-A2AD-8F1892D2057F}.Debug|Any CPU.ActiveCfg = Debug|Any CPU
		{C90F24D5-1CE7-4F5D-A2AD-8F1892D2057F}.Debug|Any CPU.Build.0 = Debug|Any CPU
		{C90F24D5-1CE7-4F5D-A2AD-8F1892D2057F}.Debug|Mixed Platforms.ActiveCfg = Debug|Any CPU
		{C90F24D5-1CE7-4F5D-A2AD-8F1892D2057F}.Debug|Mixed Platforms.Build.0 = Debug|Any CPU
		{C90F24D5-1CE7-4F5D-A2AD-8F1892D2057F}.Debug|x86.ActiveCfg = Debug|Any CPU
		{C90F24D5-1CE7-4F5D-A2AD-8F1892D2057F}.Release|Any CPU.ActiveCfg = Release|Any CPU
		{C90F24D5-1CE7-4F5D-A2AD-8F1892D2057F}.Release|Any CPU.Build.0 = Release|Any CPU
		{C90F24D5-1CE7-4F5D-A2AD-8F1892D2057F}.Release|Mixed Platforms.ActiveCfg = Release|Any CPU
		{C90F24D5-1CE7-4F5D-A2AD-8F1892D2057F}.Release|Mixed Platforms.Build.0 = Release|Any CPU
		{C90F24D5-1CE7-4F5D-A2AD-8F1892D2057F}.Release|x86.ActiveCfg = Release|Any CPU
		{BF86347D-DF92-42A3-8988-A47854BAD9EA}.Debug|Any CPU.ActiveCfg = Debug|Any CPU
		{BF86347D-DF92-42A3-8988-A47854BAD9EA}.Debug|Any CPU.Build.0 = Debug|Any CPU
		{BF86347D-DF92-42A3-8988-A47854BAD9EA}.Debug|Mixed Platforms.ActiveCfg = Debug|Any CPU
		{BF86347D-DF92-42A3-8988-A47854BAD9EA}.Debug|Mixed Platforms.Build.0 = Debug|Any CPU
		{BF86347D-DF92-42A3-8988-A47854BAD9EA}.Debug|x86.ActiveCfg = Debug|Any CPU
		{BF86347D-DF92-42A3-8988-A47854BAD9EA}.Release|Any CPU.ActiveCfg = Release|Any CPU
		{BF86347D-DF92-42A3-8988-A47854BAD9EA}.Release|Any CPU.Build.0 = Release|Any CPU
		{BF86347D-DF92-42A3-8988-A47854BAD9EA}.Release|Mixed Platforms.ActiveCfg = Release|Any CPU
		{BF86347D-DF92-42A3-8988-A47854BAD9EA}.Release|Mixed Platforms.Build.0 = Release|Any CPU
		{BF86347D-DF92-42A3-8988-A47854BAD9EA}.Release|x86.ActiveCfg = Release|Any CPU
		{AA54304A-8940-43C4-AF3E-6E3696CF355F}.Debug|Any CPU.ActiveCfg = Debug|Any CPU
		{AA54304A-8940-43C4-AF3E-6E3696CF355F}.Debug|Any CPU.Build.0 = Debug|Any CPU
		{AA54304A-8940-43C4-AF3E-6E3696CF355F}.Debug|Mixed Platforms.ActiveCfg = Debug|Any CPU
		{AA54304A-8940-43C4-AF3E-6E3696CF355F}.Debug|Mixed Platforms.Build.0 = Debug|Any CPU
		{AA54304A-8940-43C4-AF3E-6E3696CF355F}.Debug|x86.ActiveCfg = Debug|Any CPU
		{AA54304A-8940-43C4-AF3E-6E3696CF355F}.Release|Any CPU.ActiveCfg = Release|Any CPU
		{AA54304A-8940-43C4-AF3E-6E3696CF355F}.Release|Any CPU.Build.0 = Release|Any CPU
		{AA54304A-8940-43C4-AF3E-6E3696CF355F}.Release|Mixed Platforms.ActiveCfg = Release|Any CPU
		{AA54304A-8940-43C4-AF3E-6E3696CF355F}.Release|Mixed Platforms.Build.0 = Release|Any CPU
		{AA54304A-8940-43C4-AF3E-6E3696CF355F}.Release|x86.ActiveCfg = Release|Any CPU
		{84E1B853-1266-4D22-B7A3-E3F7D6B9165F}.Debug|Any CPU.ActiveCfg = Debug|Any CPU
		{84E1B853-1266-4D22-B7A3-E3F7D6B9165F}.Debug|Any CPU.Build.0 = Debug|Any CPU
		{84E1B853-1266-4D22-B7A3-E3F7D6B9165F}.Debug|Mixed Platforms.ActiveCfg = Debug|Any CPU
		{84E1B853-1266-4D22-B7A3-E3F7D6B9165F}.Debug|Mixed Platforms.Build.0 = Debug|Any CPU
		{84E1B853-1266-4D22-B7A3-E3F7D6B9165F}.Debug|x86.ActiveCfg = Debug|Any CPU
		{84E1B853-1266-4D22-B7A3-E3F7D6B9165F}.Release|Any CPU.ActiveCfg = Release|Any CPU
		{84E1B853-1266-4D22-B7A3-E3F7D6B9165F}.Release|Any CPU.Build.0 = Release|Any CPU
		{84E1B853-1266-4D22-B7A3-E3F7D6B9165F}.Release|Mixed Platforms.ActiveCfg = Release|Any CPU
		{84E1B853-1266-4D22-B7A3-E3F7D6B9165F}.Release|Mixed Platforms.Build.0 = Release|Any CPU
		{84E1B853-1266-4D22-B7A3-E3F7D6B9165F}.Release|x86.ActiveCfg = Release|Any CPU
		{7DEBE017-3A6B-45AA-B6B7-6F4BDCA91178}.Debug|Any CPU.ActiveCfg = Debug|x86
		{7DEBE017-3A6B-45AA-B6B7-6F4BDCA91178}.Debug|Mixed Platforms.ActiveCfg = Debug|x86
		{7DEBE017-3A6B-45AA-B6B7-6F4BDCA91178}.Debug|Mixed Platforms.Build.0 = Debug|x86
		{7DEBE017-3A6B-45AA-B6B7-6F4BDCA91178}.Debug|x86.ActiveCfg = Debug|x86
		{7DEBE017-3A6B-45AA-B6B7-6F4BDCA91178}.Debug|x86.Build.0 = Debug|x86
		{7DEBE017-3A6B-45AA-B6B7-6F4BDCA91178}.Release|Any CPU.ActiveCfg = Release|x86
		{7DEBE017-3A6B-45AA-B6B7-6F4BDCA91178}.Release|Mixed Platforms.ActiveCfg = Release|x86
		{7DEBE017-3A6B-45AA-B6B7-6F4BDCA91178}.Release|Mixed Platforms.Build.0 = Release|x86
		{7DEBE017-3A6B-45AA-B6B7-6F4BDCA91178}.Release|x86.ActiveCfg = Release|x86
		{7DEBE017-3A6B-45AA-B6B7-6F4BDCA91178}.Release|x86.Build.0 = Release|x86
		{B17C881A-F95D-499A-9D0B-592864F28F85}.Debug|Any CPU.ActiveCfg = Debug|Any CPU
		{B17C881A-F95D-499A-9D0B-592864F28F85}.Debug|Any CPU.Build.0 = Debug|Any CPU
		{B17C881A-F95D-499A-9D0B-592864F28F85}.Debug|Mixed Platforms.ActiveCfg = Debug|Any CPU
		{B17C881A-F95D-499A-9D0B-592864F28F85}.Debug|Mixed Platforms.Build.0 = Debug|Any CPU
		{B17C881A-F95D-499A-9D0B-592864F28F85}.Debug|x86.ActiveCfg = Debug|Any CPU
		{B17C881A-F95D-499A-9D0B-592864F28F85}.Release|Any CPU.ActiveCfg = Release|Any CPU
		{B17C881A-F95D-499A-9D0B-592864F28F85}.Release|Any CPU.Build.0 = Release|Any CPU
		{B17C881A-F95D-499A-9D0B-592864F28F85}.Release|Mixed Platforms.ActiveCfg = Release|Any CPU
		{B17C881A-F95D-499A-9D0B-592864F28F85}.Release|Mixed Platforms.Build.0 = Release|Any CPU
		{B17C881A-F95D-499A-9D0B-592864F28F85}.Release|x86.ActiveCfg = Release|Any CPU
	EndGlobalSection
	GlobalSection(SolutionProperties) = preSolution
		HideSolutionNode = FALSE
	EndGlobalSection
	GlobalSection(NestedProjects) = preSolution
		{1E7C6E9C-11B5-4F86-A16C-E7E30209A1EC} = {043FC8EA-D567-462D-8BB7-40A3494CDB15}
		{C90F24D5-1CE7-4F5D-A2AD-8F1892D2057F} = {043FC8EA-D567-462D-8BB7-40A3494CDB15}
		{13B06433-ACDC-4462-9288-707FF35019E9} = {ECB8DB57-6E41-476B-8A8A-5AB13B1C621A}
		{0EF39508-5FF4-4969-B888-265019FCA1A3} = {ECB8DB57-6E41-476B-8A8A-5AB13B1C621A}
		{B17C881A-F95D-499A-9D0B-592864F28F85} = {ECB8DB57-6E41-476B-8A8A-5AB13B1C621A}
		{148F2E13-3F1E-467D-84A2-F2020C19BD02} = {4677899C-5C68-4A68-BA1C-4B94ABA4317B}
		{E157EB2F-762F-4EFF-8E05-6ABF421BF136} = {4677899C-5C68-4A68-BA1C-4B94ABA4317B}
		{91A987E2-4902-4F9E-9F82-DC663CD0C4B5} = {FB396C0E-DA16-4F9B-85D7-50739C442EEE}
		{DFB69BD2-B146-46FC-A4B2-82EBDF35B229} = {FB396C0E-DA16-4F9B-85D7-50739C442EEE}
		{AA54304A-8940-43C4-AF3E-6E3696CF355F} = {F45888CF-254A-423C-9F4A-4E19EB73D548}
		{BF86347D-DF92-42A3-8988-A47854BAD9EA} = {F45888CF-254A-423C-9F4A-4E19EB73D548}
		{84E1B853-1266-4D22-B7A3-E3F7D6B9165F} = {764297B1-F273-4BAC-A64E-DFAAE8D149E4}
		{7DEBE017-3A6B-45AA-B6B7-6F4BDCA91178} = {04697682-8BE7-4DD6-8AED-459682EE6128}
	EndGlobalSection
EndGlobal
